<?xml version="1.0" encoding="utf-8"?>
<Project ToolsVersion="4.0" xmlns="http://schemas.microsoft.com/developer/msbuild/2003">
  <ItemGroup>
    <Filter Include="Resource Files">
      <UniqueIdentifier>{67DA6AB6-F800-4c08-8B7A-83BB121AAD01}</UniqueIdentifier>
      <Extensions>rc;ico;cur;bmp;dlg;rc2;rct;bin;rgs;gif;jpg;jpeg;jpe;resx;tiff;tif;png;wav;mfcribbon-ms</Extensions>
    </Filter>
    <Filter Include="interfaces">
      <UniqueIdentifier>{50d0b8c9-76f0-4dd1-bfae-847dc506651c}</UniqueIdentifier>
    </Filter>
    <Filter Include="include">
      <UniqueIdentifier>{66c6ed96-55cd-4ff1-ae55-f89865823f5b}</UniqueIdentifier>
    </Filter>
    <Filter Include="src">
      <UniqueIdentifier>{bc948677-9566-4c46-a914-c4144c311900}</UniqueIdentifier>
    </Filter>
  </ItemGroup>
  <ItemGroup>
    <ClInclude Include="interfaces\BodyType.h">
      <Filter>interfaces</Filter>
    </ClInclude>
    <ClInclude Include="interfaces\BoxShape.h">
      <Filter>interfaces</Filter>
    </ClInclude>
    <ClInclude Include="interfaces\CylinderShape.h">
      <Filter>interfaces</Filter>
    </ClInclude>
    <ClInclude Include="interfaces\iCollisionBody.h">
      <Filter>interfaces</Filter>
    </ClInclude>
    <ClInclude Include="interfaces\iPhysicsFactory.h">
      <Filter>interfaces</Filter>
    </ClInclude>
    <ClInclude Include="interfaces\iPhysicsWorld.h">
      <Filter>interfaces</Filter>
    </ClInclude>
    <ClInclude Include="interfaces\iRigidBody.h">
      <Filter>interfaces</Filter>
    </ClInclude>
    <ClInclude Include="interfaces\iShape.h">
      <Filter>interfaces</Filter>
    </ClInclude>
    <ClInclude Include="interfaces\iSoftBody.h">
      <Filter>interfaces</Filter>
    </ClInclude>
    <ClInclude Include="interfaces\GLMath.h">
      <Filter>interfaces</Filter>
    </ClInclude>
    <ClInclude Include="interfaces\PlaneShape.h">
      <Filter>interfaces</Filter>
    </ClInclude>
    <ClInclude Include="interfaces\RigidBodyDesc.h">
      <Filter>interfaces</Filter>
    </ClInclude>
    <ClInclude Include="interfaces\ShapeType.h">
      <Filter>interfaces</Filter>
    </ClInclude>
    <ClInclude Include="interfaces\SoftBodyDesc.h">
      <Filter>interfaces</Filter>
    </ClInclude>
    <ClInclude Include="interfaces\SphereShape.h">
      <Filter>interfaces</Filter>
    </ClInclude>
    <ClInclude Include="include\PhysicsFactory.h">
      <Filter>include</Filter>
    </ClInclude>
    <ClInclude Include="include\PhysicsWorld.h">
      <Filter>include</Filter>
    </ClInclude>
    <ClInclude Include="include\RigidBody.h">
      <Filter>include</Filter>
    </ClInclude>
  </ItemGroup>
  <ItemGroup>
    <ClCompile Include="interfaces\BoxShape.cpp">
      <Filter>interfaces</Filter>
    </ClCompile>
    <ClCompile Include="interfaces\CylinderShape.cpp">
      <Filter>interfaces</Filter>
    </ClCompile>
    <ClCompile Include="interfaces\PlaneShape.cpp">
      <Filter>interfaces</Filter>
    </ClCompile>
    <ClCompile Include="interfaces\SphereShape.cpp">
      <Filter>interfaces</Filter>
    </ClCompile>
    <ClCompile Include="src\PhysicsFactory.cpp">
      <Filter>src</Filter>
    </ClCompile>
    <ClCompile Include="src\PhysicsWorld.cpp">
      <Filter>src</Filter>
    </ClCompile>
    <ClCompile Include="src\RigidBody.cpp">
      <Filter>src</Filter>
    </ClCompile>
    <ClCompile Include="include\Conversion.h" />
    <ClCompile Include="include\Conversion.cpp" />
  </ItemGroup>
</Project>